PODS:
  - Flutter (1.0.0)
  - imgly_sdk (2.7.0):
    - Flutter
    - imglyKit (~> 11.3)
  - imglyKit (11.3.1)
  - photo_editor_sdk (2.7.0):
    - Flutter
    - imgly_sdk (= 2.7.0)

DEPENDENCIES:
  - Flutter (from `Flutter`)
  - imgly_sdk (from `.symlinks/plugins/imgly_sdk/ios`)
  - photo_editor_sdk (from `.symlinks/plugins/photo_editor_sdk/ios`)

SPEC REPOS:
  trunk:
    - imglyKit

EXTERNAL SOURCES:
  Flutter:
    :path: Flutter
  imgly_sdk:
    :path: ".symlinks/plugins/imgly_sdk/ios"
  photo_editor_sdk:
    :path: ".symlinks/plugins/photo_editor_sdk/ios"

SPEC CHECKSUMS:
  Flutter: 50d75fe2f02b26cc09d224853bb45737f8b3214a
  imgly_sdk: d5bd730c962ab5d08c065211e3d0d499dbf402c1
  imglyKit: 34eb8e0e1a399b815b2a5baf2f5afa3a4fc47105
  photo_editor_sdk: 42089d2a5a86145420068993f2062da4ab619d59

PODFILE CHECKSUM: aafe91acc616949ddb318b77800a7f51bffa2a4c

COCOAPODS: 1.10.2
