PODS:
  - Flutter (1.0.0)
  - imgly_sdk (2.4.0):
    - Flutter
    - imglyKit (~> 10.29)
  - imglyKit (10.30.0)
  - photo_editor_sdk (2.4.0):
    - Flutter
    - imgly_sdk

DEPENDENCIES:
  - Flutter (from `Flutter`)
  - imgly_sdk (from `.symlinks/plugins/imgly_sdk/ios`)
  - photo_editor_sdk (from `.symlinks/plugins/photo_editor_sdk/ios`)

SPEC REPOS:
  trunk:
    - imglyKit

EXTERNAL SOURCES:
  Flutter:
    :path: Flutter
  imgly_sdk:
    :path: ".symlinks/plugins/imgly_sdk/ios"
  photo_editor_sdk:
    :path: ".symlinks/plugins/photo_editor_sdk/ios"

SPEC CHECKSUMS:
  Flutter: 50d75fe2f02b26cc09d224853bb45737f8b3214a
  imgly_sdk: 2d7b5dc391131eb2b7431333c6db1b515a77a578
  imglyKit: d5f3091f9980b97728c05b4144513b139313d8d7
  photo_editor_sdk: 091d279f93d6f5ee7785ef6c6c0c69a0f8730527

PODFILE CHECKSUM: aafe91acc616949ddb318b77800a7f51bffa2a4c

COCOAPODS: 1.10.2
